
Microsoft Visual Studio Solution File, Format Version 12.00
# Visual Studio Version 16
VisualStudioVersion = 16.0.31112.23
MinimumVisualStudioVersion = 10.0.40219.1
Project("{9A19103F-16F7-4668-BE54-9A1E7A4F7556}") = "Deliverit.Models", "DeliverIT.Models\Deliverit.Models.csproj", "{C0324640-0C0F-4198-BAC9-78D0F1E82DA7}"
EndProject
Project("{9A19103F-16F7-4668-BE54-9A1E7A4F7556}") = "Deliverit.Database", "DeliverIT.Database\Deliverit.Database.csproj", "{B0E0781C-4BA6-4A26-9F20-1EA8255EDC5E}"
EndProject
Project("{9A19103F-16F7-4668-BE54-9A1E7A4F7556}") = "Deliverit.Services", "Deliverit.Services\Deliverit.Services.csproj", "{D3F8E93F-13A3-41DB-A2FE-ACC4B6B09FC9}"
EndProject
Project("{9A19103F-16F7-4668-BE54-9A1E7A4F7556}") = "Deliverit.Web", "Deliverit.Web\Deliverit.Web.csproj", "{38852850-6C7F-4F36-9D91-718508EB0563}"
EndProject
Project("{FAE04EC0-301F-11D3-BF4B-00C04F79EFBC}") = "Deliverit.Tests", "Deliverit.Tests\Deliverit.Tests.csproj", "{5C1783EF-FDE6-40EA-863A-E4F40CA5C6B0}"
EndProject
Global
	GlobalSection(SolutionConfigurationPlatforms) = preSolution
		Debug|Any CPU = Debug|Any CPU
		Release|Any CPU = Release|Any CPU
	EndGlobalSection
	GlobalSection(ProjectConfigurationPlatforms) = postSolution
		{C0324640-0C0F-4198-BAC9-78D0F1E82DA7}.Debug|Any CPU.ActiveCfg = Debug|Any CPU
		{C0324640-0C0F-4198-BAC9-78D0F1E82DA7}.Debug|Any CPU.Build.0 = Debug|Any CPU
		{C0324640-0C0F-4198-BAC9-78D0F1E82DA7}.Release|Any CPU.ActiveCfg = Release|Any CPU
		{C0324640-0C0F-4198-BAC9-78D0F1E82DA7}.Release|Any CPU.Build.0 = Release|Any CPU
		{B0E0781C-4BA6-4A26-9F20-1EA8255EDC5E}.Debug|Any CPU.ActiveCfg = Debug|Any CPU
		{B0E0781C-4BA6-4A26-9F20-1EA8255EDC5E}.Debug|Any CPU.Build.0 = Debug|Any CPU
		{B0E0781C-4BA6-4A26-9F20-1EA8255EDC5E}.Release|Any CPU.ActiveCfg = Release|Any CPU
		{B0E0781C-4BA6-4A26-9F20-1EA8255EDC5E}.Release|Any CPU.Build.0 = Release|Any CPU
		{D3F8E93F-13A3-41DB-A2FE-ACC4B6B09FC9}.Debug|Any CPU.ActiveCfg = Debug|Any CPU
		{D3F8E93F-13A3-41DB-A2FE-ACC4B6B09FC9}.Debug|Any CPU.Build.0 = Debug|Any CPU
		{D3F8E93F-13A3-41DB-A2FE-ACC4B6B09FC9}.Release|Any CPU.ActiveCfg = Release|Any CPU
		{D3F8E93F-13A3-41DB-A2FE-ACC4B6B09FC9}.Release|Any CPU.Build.0 = Release|Any CPU
		{38852850-6C7F-4F36-9D91-718508EB0563}.Debug|Any CPU.ActiveCfg = Debug|Any CPU
		{38852850-6C7F-4F36-9D91-718508EB0563}.Debug|Any CPU.Build.0 = Debug|Any CPU
		{38852850-6C7F-4F36-9D91-718508EB0563}.Release|Any CPU.ActiveCfg = Release|Any CPU
		{38852850-6C7F-4F36-9D91-718508EB0563}.Release|Any CPU.Build.0 = Release|Any CPU
		{5C1783EF-FDE6-40EA-863A-E4F40CA5C6B0}.Debug|Any CPU.ActiveCfg = Debug|Any CPU
		{5C1783EF-FDE6-40EA-863A-E4F40CA5C6B0}.Debug|Any CPU.Build.0 = Debug|Any CPU
		{5C1783EF-FDE6-40EA-863A-E4F40CA5C6B0}.Release|Any CPU.ActiveCfg = Release|Any CPU
		{5C1783EF-FDE6-40EA-863A-E4F40CA5C6B0}.Release|Any CPU.Build.0 = Release|Any CPU
	EndGlobalSection
	GlobalSection(SolutionProperties) = preSolution
		HideSolutionNode = FALSE
	EndGlobalSection
	GlobalSection(ExtensibilityGlobals) = postSolution
		SolutionGuid = {4A0CC0F3-F53B-4E06-B0DE-0C54699E0223}
	EndGlobalSection
EndGlobal
