
Microsoft Visual Studio Solution File, Format Version 12.00
# Visual Studio Version 16
VisualStudioVersion = 16.0.30804.86
MinimumVisualStudioVersion = 10.0.40219.1
Project("{9A19103F-16F7-4668-BE54-9A1E7A4F7556}") = "Just count", "PracticeSetMapHash2\Just count.csproj", "{919DCA39-1CF2-40CC-9AE1-FF5F68FE6A67}"
EndProject
Project("{9A19103F-16F7-4668-BE54-9A1E7A4F7556}") = "Gotta catch 'em all", "Simple Program1\Gotta catch 'em all.csproj", "{D65B156F-07C4-4504-8A09-563010E4BDE5}"
EndProject
Project("{9A19103F-16F7-4668-BE54-9A1E7A4F7556}") = "Simple Program2", "Simple Program2\Simple Program2.csproj", "{E266CE28-C9D4-4253-88F2-59BE24BC60A7}"
EndProject
Project("{9A19103F-16F7-4668-BE54-9A1E7A4F7556}") = "Gotta catch 'em all V2", "Gotta catch 'em all V2\Gotta catch 'em all V2.csproj", "{CCE4EDEC-5702-4FC7-B8C3-113AEF52E149}"
EndProject
Project("{FAE04EC0-301F-11D3-BF4B-00C04F79EFBC}") = "Gotta catch 'em all Telerik Solution", "Gotta catch 'em all Telerik Solution\Gotta catch 'em all Telerik Solution.csproj", "{5FE09364-CE57-4021-BE6B-E25E881AD910}"
EndProject
Global
	GlobalSection(SolutionConfigurationPlatforms) = preSolution
		Debug|Any CPU = Debug|Any CPU
		Release|Any CPU = Release|Any CPU
	EndGlobalSection
	GlobalSection(ProjectConfigurationPlatforms) = postSolution
		{919DCA39-1CF2-40CC-9AE1-FF5F68FE6A67}.Debug|Any CPU.ActiveCfg = Debug|Any CPU
		{919DCA39-1CF2-40CC-9AE1-FF5F68FE6A67}.Debug|Any CPU.Build.0 = Debug|Any CPU
		{919DCA39-1CF2-40CC-9AE1-FF5F68FE6A67}.Release|Any CPU.ActiveCfg = Release|Any CPU
		{919DCA39-1CF2-40CC-9AE1-FF5F68FE6A67}.Release|Any CPU.Build.0 = Release|Any CPU
		{D65B156F-07C4-4504-8A09-563010E4BDE5}.Debug|Any CPU.ActiveCfg = Debug|Any CPU
		{D65B156F-07C4-4504-8A09-563010E4BDE5}.Debug|Any CPU.Build.0 = Debug|Any CPU
		{D65B156F-07C4-4504-8A09-563010E4BDE5}.Release|Any CPU.ActiveCfg = Release|Any CPU
		{D65B156F-07C4-4504-8A09-563010E4BDE5}.Release|Any CPU.Build.0 = Release|Any CPU
		{E266CE28-C9D4-4253-88F2-59BE24BC60A7}.Debug|Any CPU.ActiveCfg = Debug|Any CPU
		{E266CE28-C9D4-4253-88F2-59BE24BC60A7}.Debug|Any CPU.Build.0 = Debug|Any CPU
		{E266CE28-C9D4-4253-88F2-59BE24BC60A7}.Release|Any CPU.ActiveCfg = Release|Any CPU
		{E266CE28-C9D4-4253-88F2-59BE24BC60A7}.Release|Any CPU.Build.0 = Release|Any CPU
		{CCE4EDEC-5702-4FC7-B8C3-113AEF52E149}.Debug|Any CPU.ActiveCfg = Debug|Any CPU
		{CCE4EDEC-5702-4FC7-B8C3-113AEF52E149}.Debug|Any CPU.Build.0 = Debug|Any CPU
		{CCE4EDEC-5702-4FC7-B8C3-113AEF52E149}.Release|Any CPU.ActiveCfg = Release|Any CPU
		{CCE4EDEC-5702-4FC7-B8C3-113AEF52E149}.Release|Any CPU.Build.0 = Release|Any CPU
		{5FE09364-CE57-4021-BE6B-E25E881AD910}.Debug|Any CPU.ActiveCfg = Debug|Any CPU
		{5FE09364-CE57-4021-BE6B-E25E881AD910}.Debug|Any CPU.Build.0 = Debug|Any CPU
		{5FE09364-CE57-4021-BE6B-E25E881AD910}.Release|Any CPU.ActiveCfg = Release|Any CPU
		{5FE09364-CE57-4021-BE6B-E25E881AD910}.Release|Any CPU.Build.0 = Release|Any CPU
	EndGlobalSection
	GlobalSection(SolutionProperties) = preSolution
		HideSolutionNode = FALSE
	EndGlobalSection
	GlobalSection(ExtensibilityGlobals) = postSolution
		SolutionGuid = {CCD5AF41-D1B4-46EF-B4B3-AED74D0B6098}
	EndGlobalSection
EndGlobal
