
Microsoft Visual Studio Solution File, Format Version 12.00
# Visual Studio Version 16
VisualStudioVersion = 16.0.30804.86
MinimumVisualStudioVersion = 10.0.40219.1
Project("{FAE04EC0-301F-11D3-BF4B-00C04F79EFBC}") = "Cafe Order Checker-Recursion", "Searching and Sorting Exercise\Cafe Order Checker-Recursion.csproj", "{EE13D97F-E778-403B-8385-770B5360B19E}"
EndProject
Project("{FAE04EC0-301F-11D3-BF4B-00C04F79EFBC}") = "Cafe Order Checker V2", "Cafe Order Checker-Recursion V2\Cafe Order Checker V2.csproj", "{484C605F-8265-48E6-8B50-4B3157049E58}"
EndProject
Project("{FAE04EC0-301F-11D3-BF4B-00C04F79EFBC}") = "Cafe Order Checker-Recursion 2", "Cafe Order Checker-Recursion 2\Cafe Order Checker-Recursion 2.csproj", "{CDB00244-BF1A-41D1-8AB3-3092B7C57422}"
EndProject
Global
	GlobalSection(SolutionConfigurationPlatforms) = preSolution
		Debug|Any CPU = Debug|Any CPU
		Release|Any CPU = Release|Any CPU
	EndGlobalSection
	GlobalSection(ProjectConfigurationPlatforms) = postSolution
		{EE13D97F-E778-403B-8385-770B5360B19E}.Debug|Any CPU.ActiveCfg = Debug|Any CPU
		{EE13D97F-E778-403B-8385-770B5360B19E}.Debug|Any CPU.Build.0 = Debug|Any CPU
		{EE13D97F-E778-403B-8385-770B5360B19E}.Release|Any CPU.ActiveCfg = Release|Any CPU
		{EE13D97F-E778-403B-8385-770B5360B19E}.Release|Any CPU.Build.0 = Release|Any CPU
		{484C605F-8265-48E6-8B50-4B3157049E58}.Debug|Any CPU.ActiveCfg = Debug|Any CPU
		{484C605F-8265-48E6-8B50-4B3157049E58}.Debug|Any CPU.Build.0 = Debug|Any CPU
		{484C605F-8265-48E6-8B50-4B3157049E58}.Release|Any CPU.ActiveCfg = Release|Any CPU
		{484C605F-8265-48E6-8B50-4B3157049E58}.Release|Any CPU.Build.0 = Release|Any CPU
		{CDB00244-BF1A-41D1-8AB3-3092B7C57422}.Debug|Any CPU.ActiveCfg = Debug|Any CPU
		{CDB00244-BF1A-41D1-8AB3-3092B7C57422}.Debug|Any CPU.Build.0 = Debug|Any CPU
		{CDB00244-BF1A-41D1-8AB3-3092B7C57422}.Release|Any CPU.ActiveCfg = Release|Any CPU
		{CDB00244-BF1A-41D1-8AB3-3092B7C57422}.Release|Any CPU.Build.0 = Release|Any CPU
	EndGlobalSection
	GlobalSection(SolutionProperties) = preSolution
		HideSolutionNode = FALSE
	EndGlobalSection
	GlobalSection(ExtensibilityGlobals) = postSolution
		SolutionGuid = {B87CC130-D7AC-4B9C-BB6C-C3F76496FD6F}
	EndGlobalSection
EndGlobal
