
Microsoft Visual Studio Solution File, Format Version 12.00
# Visual Studio Version 16
VisualStudioVersion = 16.0.30804.86
MinimumVisualStudioVersion = 10.0.40219.1
Project("{9A19103F-16F7-4668-BE54-9A1E7A4F7556}") = "Factorial", "Recursion Tasks\Factorial.csproj", "{ACC18A2D-DA81-4421-BBD3-4D80D089E040}"
EndProject
Project("{9A19103F-16F7-4668-BE54-9A1E7A4F7556}") = "Fibonacci", "Fibonacci\Fibonacci.csproj", "{3EB75E13-5926-44DC-A8DE-009E2ACA4C3C}"
EndProject
Project("{9A19103F-16F7-4668-BE54-9A1E7A4F7556}") = "Triangle", "Triangle\Triangle.csproj", "{ED541868-9762-472C-B923-8A649A1307ED}"
EndProject
Project("{9A19103F-16F7-4668-BE54-9A1E7A4F7556}") = "Count occurrences", "Sum Digits\Count occurrences.csproj", "{02F70D0B-FD5C-456F-86A8-82B94A7D55DB}"
EndProject
Project("{9A19103F-16F7-4668-BE54-9A1E7A4F7556}") = "Simple Program1", "Simple Program1\Simple Program1.csproj", "{25304D7D-E257-4049-8CC6-300EF1C85204}"
EndProject
Project("{9A19103F-16F7-4668-BE54-9A1E7A4F7556}") = "Count occurrences 2", "Count occurrences 2\Count occurrences 2.csproj", "{C997A512-7745-4A08-8EB0-7F6768721C18}"
EndProject
Project("{9A19103F-16F7-4668-BE54-9A1E7A4F7556}") = "Power N", "Power N\Power N.csproj", "{3EAB896B-FB9C-4B59-BC83-3B96BA71950E}"
EndProject
Project("{9A19103F-16F7-4668-BE54-9A1E7A4F7556}") = "Count X", "Count X\Count X.csproj", "{BC786D0D-95BE-4BAD-BF5E-A17186FFE80E}"
EndProject
Project("{9A19103F-16F7-4668-BE54-9A1E7A4F7556}") = "Count Hi", "Count Hi\Count Hi.csproj", "{C348E708-8133-490B-B65E-0D79074C44C9}"
EndProject
Project("{9A19103F-16F7-4668-BE54-9A1E7A4F7556}") = "Change Pi", "Change Pi\Change Pi.csproj", "{970A1731-EB9C-4A8F-A4AF-549924A760B4}"
EndProject
Project("{9A19103F-16F7-4668-BE54-9A1E7A4F7556}") = "Array with 6", "Array with 6\Array with 6.csproj", "{409D207F-D80D-4B21-83B8-C117362A2BBB}"
EndProject
Project("{9A19103F-16F7-4668-BE54-9A1E7A4F7556}") = "Arrays containing 11", "Arrays containing 11\Arrays containing 11.csproj", "{D9F26797-B0B8-48EB-971D-8809B7178E62}"
EndProject
Project("{9A19103F-16F7-4668-BE54-9A1E7A4F7556}") = "Array values times 10", "Array values times 10\Array values times 10.csproj", "{12047A94-6C14-4E40-9F5F-A24E950D2C32}"
EndProject
Project("{9A19103F-16F7-4668-BE54-9A1E7A4F7556}") = "Cipher", "Cipher\Cipher.csproj", "{435A49F6-70A1-4CD9-8384-C615DA4F3682}"
EndProject
Project("{9A19103F-16F7-4668-BE54-9A1E7A4F7556}") = "Cipher 2", "Cipher 2\Cipher 2.csproj", "{A1BD1D8F-57F5-450F-8E9C-C9B07DB12BC0}"
EndProject
Project("{9A19103F-16F7-4668-BE54-9A1E7A4F7556}") = "Scrooge McDuck", "Scrooge McDuck\Scrooge McDuck.csproj", "{2E8E2D96-1CAF-4EB1-905C-434387A6140F}"
EndProject
Project("{FAE04EC0-301F-11D3-BF4B-00C04F79EFBC}") = "Largest Surface Telerik Solution", "Largest Surface Telerik Solution\Largest Surface Telerik Solution.csproj", "{C5D3EDD2-0AB9-4ACD-8891-B5AF2568F154}"
EndProject
Global
	GlobalSection(SolutionConfigurationPlatforms) = preSolution
		Debug|Any CPU = Debug|Any CPU
		Release|Any CPU = Release|Any CPU
	EndGlobalSection
	GlobalSection(ProjectConfigurationPlatforms) = postSolution
		{ACC18A2D-DA81-4421-BBD3-4D80D089E040}.Debug|Any CPU.ActiveCfg = Debug|Any CPU
		{ACC18A2D-DA81-4421-BBD3-4D80D089E040}.Debug|Any CPU.Build.0 = Debug|Any CPU
		{ACC18A2D-DA81-4421-BBD3-4D80D089E040}.Release|Any CPU.ActiveCfg = Release|Any CPU
		{ACC18A2D-DA81-4421-BBD3-4D80D089E040}.Release|Any CPU.Build.0 = Release|Any CPU
		{3EB75E13-5926-44DC-A8DE-009E2ACA4C3C}.Debug|Any CPU.ActiveCfg = Debug|Any CPU
		{3EB75E13-5926-44DC-A8DE-009E2ACA4C3C}.Debug|Any CPU.Build.0 = Debug|Any CPU
		{3EB75E13-5926-44DC-A8DE-009E2ACA4C3C}.Release|Any CPU.ActiveCfg = Release|Any CPU
		{3EB75E13-5926-44DC-A8DE-009E2ACA4C3C}.Release|Any CPU.Build.0 = Release|Any CPU
		{ED541868-9762-472C-B923-8A649A1307ED}.Debug|Any CPU.ActiveCfg = Debug|Any CPU
		{ED541868-9762-472C-B923-8A649A1307ED}.Debug|Any CPU.Build.0 = Debug|Any CPU
		{ED541868-9762-472C-B923-8A649A1307ED}.Release|Any CPU.ActiveCfg = Release|Any CPU
		{ED541868-9762-472C-B923-8A649A1307ED}.Release|Any CPU.Build.0 = Release|Any CPU
		{02F70D0B-FD5C-456F-86A8-82B94A7D55DB}.Debug|Any CPU.ActiveCfg = Debug|Any CPU
		{02F70D0B-FD5C-456F-86A8-82B94A7D55DB}.Debug|Any CPU.Build.0 = Debug|Any CPU
		{02F70D0B-FD5C-456F-86A8-82B94A7D55DB}.Release|Any CPU.ActiveCfg = Release|Any CPU
		{02F70D0B-FD5C-456F-86A8-82B94A7D55DB}.Release|Any CPU.Build.0 = Release|Any CPU
		{25304D7D-E257-4049-8CC6-300EF1C85204}.Debug|Any CPU.ActiveCfg = Debug|Any CPU
		{25304D7D-E257-4049-8CC6-300EF1C85204}.Debug|Any CPU.Build.0 = Debug|Any CPU
		{25304D7D-E257-4049-8CC6-300EF1C85204}.Release|Any CPU.ActiveCfg = Release|Any CPU
		{25304D7D-E257-4049-8CC6-300EF1C85204}.Release|Any CPU.Build.0 = Release|Any CPU
		{C997A512-7745-4A08-8EB0-7F6768721C18}.Debug|Any CPU.ActiveCfg = Debug|Any CPU
		{C997A512-7745-4A08-8EB0-7F6768721C18}.Debug|Any CPU.Build.0 = Debug|Any CPU
		{C997A512-7745-4A08-8EB0-7F6768721C18}.Release|Any CPU.ActiveCfg = Release|Any CPU
		{C997A512-7745-4A08-8EB0-7F6768721C18}.Release|Any CPU.Build.0 = Release|Any CPU
		{3EAB896B-FB9C-4B59-BC83-3B96BA71950E}.Debug|Any CPU.ActiveCfg = Debug|Any CPU
		{3EAB896B-FB9C-4B59-BC83-3B96BA71950E}.Debug|Any CPU.Build.0 = Debug|Any CPU
		{3EAB896B-FB9C-4B59-BC83-3B96BA71950E}.Release|Any CPU.ActiveCfg = Release|Any CPU
		{3EAB896B-FB9C-4B59-BC83-3B96BA71950E}.Release|Any CPU.Build.0 = Release|Any CPU
		{BC786D0D-95BE-4BAD-BF5E-A17186FFE80E}.Debug|Any CPU.ActiveCfg = Debug|Any CPU
		{BC786D0D-95BE-4BAD-BF5E-A17186FFE80E}.Debug|Any CPU.Build.0 = Debug|Any CPU
		{BC786D0D-95BE-4BAD-BF5E-A17186FFE80E}.Release|Any CPU.ActiveCfg = Release|Any CPU
		{BC786D0D-95BE-4BAD-BF5E-A17186FFE80E}.Release|Any CPU.Build.0 = Release|Any CPU
		{C348E708-8133-490B-B65E-0D79074C44C9}.Debug|Any CPU.ActiveCfg = Debug|Any CPU
		{C348E708-8133-490B-B65E-0D79074C44C9}.Debug|Any CPU.Build.0 = Debug|Any CPU
		{C348E708-8133-490B-B65E-0D79074C44C9}.Release|Any CPU.ActiveCfg = Release|Any CPU
		{C348E708-8133-490B-B65E-0D79074C44C9}.Release|Any CPU.Build.0 = Release|Any CPU
		{970A1731-EB9C-4A8F-A4AF-549924A760B4}.Debug|Any CPU.ActiveCfg = Debug|Any CPU
		{970A1731-EB9C-4A8F-A4AF-549924A760B4}.Debug|Any CPU.Build.0 = Debug|Any CPU
		{970A1731-EB9C-4A8F-A4AF-549924A760B4}.Release|Any CPU.ActiveCfg = Release|Any CPU
		{970A1731-EB9C-4A8F-A4AF-549924A760B4}.Release|Any CPU.Build.0 = Release|Any CPU
		{409D207F-D80D-4B21-83B8-C117362A2BBB}.Debug|Any CPU.ActiveCfg = Debug|Any CPU
		{409D207F-D80D-4B21-83B8-C117362A2BBB}.Debug|Any CPU.Build.0 = Debug|Any CPU
		{409D207F-D80D-4B21-83B8-C117362A2BBB}.Release|Any CPU.ActiveCfg = Release|Any CPU
		{409D207F-D80D-4B21-83B8-C117362A2BBB}.Release|Any CPU.Build.0 = Release|Any CPU
		{D9F26797-B0B8-48EB-971D-8809B7178E62}.Debug|Any CPU.ActiveCfg = Debug|Any CPU
		{D9F26797-B0B8-48EB-971D-8809B7178E62}.Debug|Any CPU.Build.0 = Debug|Any CPU
		{D9F26797-B0B8-48EB-971D-8809B7178E62}.Release|Any CPU.ActiveCfg = Release|Any CPU
		{D9F26797-B0B8-48EB-971D-8809B7178E62}.Release|Any CPU.Build.0 = Release|Any CPU
		{12047A94-6C14-4E40-9F5F-A24E950D2C32}.Debug|Any CPU.ActiveCfg = Debug|Any CPU
		{12047A94-6C14-4E40-9F5F-A24E950D2C32}.Debug|Any CPU.Build.0 = Debug|Any CPU
		{12047A94-6C14-4E40-9F5F-A24E950D2C32}.Release|Any CPU.ActiveCfg = Release|Any CPU
		{12047A94-6C14-4E40-9F5F-A24E950D2C32}.Release|Any CPU.Build.0 = Release|Any CPU
		{435A49F6-70A1-4CD9-8384-C615DA4F3682}.Debug|Any CPU.ActiveCfg = Debug|Any CPU
		{435A49F6-70A1-4CD9-8384-C615DA4F3682}.Debug|Any CPU.Build.0 = Debug|Any CPU
		{435A49F6-70A1-4CD9-8384-C615DA4F3682}.Release|Any CPU.ActiveCfg = Release|Any CPU
		{435A49F6-70A1-4CD9-8384-C615DA4F3682}.Release|Any CPU.Build.0 = Release|Any CPU
		{A1BD1D8F-57F5-450F-8E9C-C9B07DB12BC0}.Debug|Any CPU.ActiveCfg = Debug|Any CPU
		{A1BD1D8F-57F5-450F-8E9C-C9B07DB12BC0}.Debug|Any CPU.Build.0 = Debug|Any CPU
		{A1BD1D8F-57F5-450F-8E9C-C9B07DB12BC0}.Release|Any CPU.ActiveCfg = Release|Any CPU
		{A1BD1D8F-57F5-450F-8E9C-C9B07DB12BC0}.Release|Any CPU.Build.0 = Release|Any CPU
		{2E8E2D96-1CAF-4EB1-905C-434387A6140F}.Debug|Any CPU.ActiveCfg = Debug|Any CPU
		{2E8E2D96-1CAF-4EB1-905C-434387A6140F}.Debug|Any CPU.Build.0 = Debug|Any CPU
		{2E8E2D96-1CAF-4EB1-905C-434387A6140F}.Release|Any CPU.ActiveCfg = Release|Any CPU
		{2E8E2D96-1CAF-4EB1-905C-434387A6140F}.Release|Any CPU.Build.0 = Release|Any CPU
		{C5D3EDD2-0AB9-4ACD-8891-B5AF2568F154}.Debug|Any CPU.ActiveCfg = Debug|Any CPU
		{C5D3EDD2-0AB9-4ACD-8891-B5AF2568F154}.Debug|Any CPU.Build.0 = Debug|Any CPU
		{C5D3EDD2-0AB9-4ACD-8891-B5AF2568F154}.Release|Any CPU.ActiveCfg = Release|Any CPU
		{C5D3EDD2-0AB9-4ACD-8891-B5AF2568F154}.Release|Any CPU.Build.0 = Release|Any CPU
	EndGlobalSection
	GlobalSection(SolutionProperties) = preSolution
		HideSolutionNode = FALSE
	EndGlobalSection
	GlobalSection(ExtensibilityGlobals) = postSolution
		SolutionGuid = {ED271595-DB01-4D35-8335-82B4B2506C3B}
	EndGlobalSection
EndGlobal
